
Microsoft Visual Studio Solution File, Format Version 12.00
# Visual Studio Version 17
VisualStudioVersion = 17.9.34714.143
MinimumVisualStudioVersion = 10.0.40219.1
Project("{FAE04EC0-301F-11D3-BF4B-00C04F79EFBC}") = "Calculadora_Daniel", "Calculadora_Daniel\Calculadora_Daniel.csproj", "{AC46351E-9C6B-4D6A-AC2F-B071B79D46E3}"
EndProject
Global
	GlobalSection(SolutionConfigurationPlatforms) = preSolution
		Debug|Any CPU = Debug|Any CPU
		Release|Any CPU = Release|Any CPU
	EndGlobalSection
	GlobalSection(ProjectConfigurationPlatforms) = postSolution
		{AC46351E-9C6B-4D6A-AC2F-B071B79D46E3}.Debug|Any CPU.ActiveCfg = Debug|Any CPU
		{AC46351E-9C6B-4D6A-AC2F-B071B79D46E3}.Debug|Any CPU.Build.0 = Debug|Any CPU
		{AC46351E-9C6B-4D6A-AC2F-B071B79D46E3}.Release|Any CPU.ActiveCfg = Release|Any CPU
		{AC46351E-9C6B-4D6A-AC2F-B071B79D46E3}.Release|Any CPU.Build.0 = Release|Any CPU
	EndGlobalSection
	GlobalSection(SolutionProperties) = preSolution
		HideSolutionNode = FALSE
	EndGlobalSection
	GlobalSection(ExtensibilityGlobals) = postSolution
		SolutionGuid = {AE0FD731-4883-4022-8C39-3DB421E15992}
	EndGlobalSection
EndGlobal
